{
  "name": "static-aorb-deploy",
  "lockfileVersion": 2,
  "requires": true,
  "packages": {
    "": {
      "name": "static-aorb-deploy",
      "dependencies": {
        "pinata": "^2.5.1"
      }
    },
    "node_modules/pinata": {
      "version": "2.5.6",
      "resolved": "https://registry.npmjs.org/pinata/-/pinata-2.5.6.tgz",
      "integrity": "sha512-bsM+0nvbE9Wk5SUpR6RKg2IBeJpe6yMrKrytbEF7CMQ3bjowWDC5DxzIL0fHQSOZCgb3rDnDt0gVJqz3COI5vQ==",
      "engines": {
        "node": ">=20"
      },
      "peerDependencies": {
        "react": ">=16.8.0",
        "react-dom": ">=16.8.0"
      },
      "peerDependenciesMeta": {
        "react": {
          "optional": true
        },
        "react-dom": {
          "optional": true
        }
      }
    }
  },
  "dependencies": {
    "pinata": {
      "version": "2.5.6",
      "resolved": "https://registry.npmjs.org/pinata/-/pinata-2.5.6.tgz",
      "integrity": "sha512-bsM+0nvbE9Wk5SUpR6RKg2IBeJpe6yMrKrytbEF7CMQ3bjowWDC5DxzIL0fHQSOZCgb3rDnDt0gVJqz3COI5vQ==",
      "requires": {}
    }
  }
}
